
Microsoft Visual Studio Solution File, Format Version 12.00
# Visual Studio Version 17
VisualStudioVersion = 17.8.34408.163
MinimumVisualStudioVersion = 10.0.40219.1
Project("{FAE04EC0-301F-11D3-BF4B-00C04F79EFBC}") = "Projeto EVO", "Projeto EVO\Projeto EVO.csproj", "{18B955C4-95F8-4D46-9C07-2A6DF31347B0}"
EndProject
Global
	GlobalSection(SolutionConfigurationPlatforms) = preSolution
		Debug|Any CPU = Debug|Any CPU
		Release|Any CPU = Release|Any CPU
	EndGlobalSection
	GlobalSection(ProjectConfigurationPlatforms) = postSolution
		{18B955C4-95F8-4D46-9C07-2A6DF31347B0}.Debug|Any CPU.ActiveCfg = Debug|Any CPU
		{18B955C4-95F8-4D46-9C07-2A6DF31347B0}.Debug|Any CPU.Build.0 = Debug|Any CPU
		{18B955C4-95F8-4D46-9C07-2A6DF31347B0}.Release|Any CPU.ActiveCfg = Release|Any CPU
		{18B955C4-95F8-4D46-9C07-2A6DF31347B0}.Release|Any CPU.Build.0 = Release|Any CPU
	EndGlobalSection
	GlobalSection(SolutionProperties) = preSolution
		HideSolutionNode = FALSE
	EndGlobalSection
	GlobalSection(ExtensibilityGlobals) = postSolution
		SolutionGuid = {45706C56-61D9-484A-8861-77DCAC3F0049}
	EndGlobalSection
EndGlobal
